
Microsoft Visual Studio Solution File, Format Version 12.00
# Visual Studio Version 17
VisualStudioVersion = 17.0.31903.59
MinimumVisualStudioVersion = 10.0.40219.1
Project("{FAE04EC0-301F-11D3-BF4B-00C04F79EFBC}") = "FairDraw.Tests.Api", "Tests\Api\FairDraw.Tests.Api.csproj", "{BBF154EA-773D-E553-48DE-045B6BB2FCA8}"
EndProject
Project("{FAE04EC0-301F-11D3-BF4B-00C04F79EFBC}") = "FairDraw.Tests.Core", "Tests\Core\FairDraw.Tests.Core.csproj", "{8E658DB1-D9BD-EC46-D61C-B1ED094EF7E3}"
EndProject
Project("{FAE04EC0-301F-11D3-BF4B-00C04F79EFBC}") = "FairDraw.Tests.Infrastructure", "Tests\Infrastructure\FairDraw.Tests.Infrastructure.csproj", "{2D562BBA-977E-AC75-AED0-ED176277291A}"
EndProject
Project("{FAE04EC0-301F-11D3-BF4B-00C04F79EFBC}") = "FairDraw.App.Api", "App\Api\FairDraw.App.Api.csproj", "{5CA4774A-9B9B-5B17-AED7-E359AA8352DC}"
EndProject
Project("{FAE04EC0-301F-11D3-BF4B-00C04F79EFBC}") = "FairDraw.App.Core", "App\Core\FairDraw.App.Core.csproj", "{174D9638-AEB5-C9FD-F7B6-D46154760015}"
EndProject
Project("{FAE04EC0-301F-11D3-BF4B-00C04F79EFBC}") = "FairDraw.App.Infrastructure", "App\Infrastructure\FairDraw.App.Infrastructure.csproj", "{CA25A3E9-9DD8-096A-4C64-BC6598A084BB}"
EndProject
Global
	GlobalSection(SolutionConfigurationPlatforms) = preSolution
		Debug|Any CPU = Debug|Any CPU
		Release|Any CPU = Release|Any CPU
	EndGlobalSection
	GlobalSection(ProjectConfigurationPlatforms) = postSolution
		{BBF154EA-773D-E553-48DE-045B6BB2FCA8}.Debug|Any CPU.ActiveCfg = Debug|Any CPU
		{BBF154EA-773D-E553-48DE-045B6BB2FCA8}.Debug|Any CPU.Build.0 = Debug|Any CPU
		{BBF154EA-773D-E553-48DE-045B6BB2FCA8}.Release|Any CPU.ActiveCfg = Release|Any CPU
		{BBF154EA-773D-E553-48DE-045B6BB2FCA8}.Release|Any CPU.Build.0 = Release|Any CPU
		{8E658DB1-D9BD-EC46-D61C-B1ED094EF7E3}.Debug|Any CPU.ActiveCfg = Debug|Any CPU
		{8E658DB1-D9BD-EC46-D61C-B1ED094EF7E3}.Debug|Any CPU.Build.0 = Debug|Any CPU
		{8E658DB1-D9BD-EC46-D61C-B1ED094EF7E3}.Release|Any CPU.ActiveCfg = Release|Any CPU
		{8E658DB1-D9BD-EC46-D61C-B1ED094EF7E3}.Release|Any CPU.Build.0 = Release|Any CPU
		{2D562BBA-977E-AC75-AED0-ED176277291A}.Debug|Any CPU.ActiveCfg = Debug|Any CPU
		{2D562BBA-977E-AC75-AED0-ED176277291A}.Debug|Any CPU.Build.0 = Debug|Any CPU
		{2D562BBA-977E-AC75-AED0-ED176277291A}.Release|Any CPU.ActiveCfg = Release|Any CPU
		{2D562BBA-977E-AC75-AED0-ED176277291A}.Release|Any CPU.Build.0 = Release|Any CPU
		{5CA4774A-9B9B-5B17-AED7-E359AA8352DC}.Debug|Any CPU.ActiveCfg = Debug|Any CPU
		{5CA4774A-9B9B-5B17-AED7-E359AA8352DC}.Debug|Any CPU.Build.0 = Debug|Any CPU
		{5CA4774A-9B9B-5B17-AED7-E359AA8352DC}.Release|Any CPU.ActiveCfg = Release|Any CPU
		{5CA4774A-9B9B-5B17-AED7-E359AA8352DC}.Release|Any CPU.Build.0 = Release|Any CPU
		{174D9638-AEB5-C9FD-F7B6-D46154760015}.Debug|Any CPU.ActiveCfg = Debug|Any CPU
		{174D9638-AEB5-C9FD-F7B6-D46154760015}.Debug|Any CPU.Build.0 = Debug|Any CPU
		{174D9638-AEB5-C9FD-F7B6-D46154760015}.Release|Any CPU.ActiveCfg = Release|Any CPU
		{174D9638-AEB5-C9FD-F7B6-D46154760015}.Release|Any CPU.Build.0 = Release|Any CPU
		{CA25A3E9-9DD8-096A-4C64-BC6598A084BB}.Debug|Any CPU.ActiveCfg = Debug|Any CPU
		{CA25A3E9-9DD8-096A-4C64-BC6598A084BB}.Debug|Any CPU.Build.0 = Debug|Any CPU
		{CA25A3E9-9DD8-096A-4C64-BC6598A084BB}.Release|Any CPU.ActiveCfg = Release|Any CPU
		{CA25A3E9-9DD8-096A-4C64-BC6598A084BB}.Release|Any CPU.Build.0 = Release|Any CPU
	EndGlobalSection
	GlobalSection(SolutionProperties) = preSolution
		HideSolutionNode = FALSE
	EndGlobalSection
	GlobalSection(ExtensibilityGlobals) = postSolution
		SolutionGuid = {28D35668-5583-4E2A-B2E6-E699F451963C}
	EndGlobalSection
EndGlobal
